# This file is autogenerated, do not edit; changes may be undone by the next 'dep ensure'.


[[projects]]
  digest = "1:b16fbfbcc20645cb419f78325bb2e85ec729b338e996a228124d68931a6f2a37"
  name = "github.com/BurntSushi/toml"
  packages = ["."]
  pruneopts = "UT"
  revision = "b26d9c308763d68093482582cea63d69be07a0f0"
  version = "v0.3.0"

[[projects]]
  branch = "master"
  digest = "1:164a36ea7dd8adbbe439458aeb3f55aeb1e18461be220ebab4937cec96fb1a6a"
  name = "github.com/Joker/jade"
  packages = ["."]
  pruneopts = "UT"
  revision = "8828253bfc54f2f91aaef5f32b44a244b0a98e4f"

[[projects]]
  branch = "master"
  digest = "1:f3d644e4f9c0f3c3a23c0556df749b111bea11cf9f083f975659d8206535d06f"
  name = "github.com/Shopify/goreferrer"
  packages = ["."]
  pruneopts = "UT"
  revision = "b9777dc9f9cc3f3e426a01d218ddd6d52153f907"

[[projects]]
  digest = "1:320e7ead93de9fd2b0e59b50fd92a4d50c1f8ab455d96bc2eb083267453a9709"
  name = "github.com/asaskevich/govalidator"
  packages = ["."]
  pruneopts = "UT"
  revision = "ccb8e960c48f04d6935e72476ae4a51028f9e22f"
  version = "v9"

[[projects]]
  branch = "master"
  digest = "1:8c99bae8191c18fc5a2ba4cc0ab7d2d3d669dfb892e32561e867418ecc25bb05"
  name = "github.com/aymerick/raymond"
  packages = [
    ".",
    "ast",
    "lexer",
    "parser",
  ]
  pruneopts = "UT"
  revision = "b565731e1464263de0bda75f2e45d97b54b60110"

[[projects]]
  digest = "1:b520b55fc1146c5b0eea03b07233f7a3d4a9be985c037c91ea6b82ecb81bd521"
  name = "github.com/bitly/go-simplejson"
  packages = ["."]
  pruneopts = "UT"
  revision = "aabad6e819789e569bd6aabf444c935aa9ba1e44"
  version = "v0.5.0"

[[projects]]
  branch = "master"
  digest = "1:f524f46fd5c8f8ae8bef1f754683f2fbb951fb616010be6ff6eed9a6e4082fd7"
  name = "github.com/eknkc/amber"
  packages = [
    ".",
    "parser",
  ]
  pruneopts = "UT"
  revision = "cdade1c073850f4ffc70a829e31235ea6892853b"

[[projects]]
  digest = "1:ca82a3b99694824c627573c2a76d0e49719b4a9c02d1d85a2ac91f1c1f52ab9b"
  name = "github.com/fatih/structs"
  packages = ["."]
  pruneopts = "UT"
  revision = "a720dfa8df582c51dee1b36feabb906bde1588bd"
  version = "v1.0"

[[projects]]
  branch = "master"
  digest = "1:21b9131fddca407b60999864676deeaa3d81626eef996658c3828628b9ce0b9c"
  name = "github.com/flosch/pongo2"
  packages = ["."]
  pruneopts = "UT"
  revision = "24195e6d38b06020d7a92c7b11960cf2e7cad2f2"

[[projects]]
  digest = "1:abeb38ade3f32a92943e5be54f55ed6d6e3b6602761d74b4aab4c9dd45c18abd"
  name = "github.com/fsnotify/fsnotify"
  packages = ["."]
  pruneopts = "UT"
  revision = "c2828203cd70a50dcccfb2761f8b1f8ceef9a8e9"
  version = "v1.4.7"

[[projects]]
  digest = "1:7c2fd446293ff7799cc496d3446e674ee67902d119f244de645caf95dff1bb98"
  name = "github.com/go-redis/redis"
  packages = [
    ".",
    "internal",
    "internal/consistenthash",
    "internal/hashtag",
    "internal/pool",
    "internal/proto",
    "internal/singleflight",
    "internal/util",
  ]
  pruneopts = "UT"
  revision = "f3bba01df2026fc865f7782948845db9cf44cf23"
  version = "v6.14.1"

[[projects]]
  digest = "1:f45caa3c5c4541c3a73b9fa2b38db97fcbda57618eaaaf45dd5c728362ad8f09"
  name = "github.com/gobuffalo/packr"
  packages = ["."]
  pruneopts = "UT"
  revision = "6c8156ee36301dd007342e79d81c99e7a7834337"
  version = "v1.13.5"

[[projects]]
  digest = "1:4c0989ca0bcd10799064318923b9bc2db6b4d6338dd75f3f2d86c3511aaaf5cf"
  name = "github.com/golang/protobuf"
  packages = [
    "proto",
    "ptypes",
    "ptypes/any",
    "ptypes/duration",
    "ptypes/timestamp",
  ]
  pruneopts = "UT"
  revision = "aa810b61a9c79d51363740d207bb46cf8e620ed5"
  version = "v1.2.0"

[[projects]]
  digest = "1:3575a8d7c78eb470712b298b2eb42b8ac028c79527e74c865da360f35d1fed7f"
  name = "github.com/h2non/gock"
  packages = ["."]
  pruneopts = "UT"
  revision = "db9916111f9d238f7fe98f34dfde20f11142475b"
  version = "v1.0.10"

[[projects]]
  digest = "1:77395dd3847dac9c45118c668f5dab85aedf0163dc3b38aea6578c5cf0d502f9"
  name = "github.com/hashicorp/go-version"
  packages = ["."]
  pruneopts = "UT"
  revision = "b5a281d3160aa11950a6182bd9a9dc2cb1e02d50"
  version = "v1.0.0"

[[projects]]
  digest = "1:8ec8d88c248041a6df5f6574b87bc00e7e0b493881dad2e7ef47b11dc69093b5"
  name = "github.com/hashicorp/golang-lru"
  packages = [
    ".",
    "simplelru",
  ]
  pruneopts = "UT"
  revision = "20f1fb78b0740ba8c3cb143a61e86ba5c8669768"
  version = "v0.5.0"

[[projects]]
  digest = "1:c0d19ab64b32ce9fe5cf4ddceba78d5bc9807f0016db6b1183599da3dcc24d10"
  name = "github.com/hashicorp/hcl"
  packages = [
    ".",
    "hcl/ast",
    "hcl/parser",
    "hcl/printer",
    "hcl/scanner",
    "hcl/strconv",
    "hcl/token",
    "json/parser",
    "json/scanner",
    "json/token",
  ]
  pruneopts = "UT"
  revision = "8cb6e5b959231cc1119e43259c4a608f9c51a241"
  version = "v1.0.0"

[[projects]]
  branch = "master"
  digest = "1:be0e14e780a05a33d034ff3a33c385a383a028c84df710a95ec402062df025c3"
  name = "github.com/iris-contrib/formBinder"
  packages = ["."]
  pruneopts = "UT"
  revision = "ad9fb86c356f971f30319c40ddbdcf72129a2791"

[[projects]]
  branch = "v2"
  digest = "1:ff6b0586c0621a76832cf783eee58cbb9d9795d2ce8acbc199a4131db11c42a9"
  name = "github.com/iris-contrib/go.uuid"
  packages = ["."]
  pruneopts = "UT"
  revision = "36e9d2ebbde5e3f13ab2e25625fd453271d6522e"

[[projects]]
  digest = "1:6895fbe5a10c5aebd1965cac6f6905dcdb21bee01e08912d3ba6a805c2485f6a"
  name = "github.com/jinzhu/gorm"
  packages = [
    ".",
    "dialects/postgres",
  ]
  pruneopts = "UT"
  revision = "6ed508ec6a4ecb3531899a69cbc746ccf65a4166"
  version = "v1.9.1"

[[projects]]
  branch = "master"
  digest = "1:fd97437fbb6b7dce04132cf06775bd258cce305c44add58eb55ca86c6c325160"
  name = "github.com/jinzhu/inflection"
  packages = ["."]
  pruneopts = "UT"
  revision = "04140366298a54a039076d798123ffa108fff46c"

[[projects]]
  digest = "1:3e551bbb3a7c0ab2a2bf4660e7fcad16db089fdcfbb44b0199e62838038623ea"
  name = "github.com/json-iterator/go"
  packages = ["."]
  pruneopts = "UT"
  revision = "1624edc4454b8682399def8740d46db5e4362ba4"
  version = "1.1.5"

[[projects]]
  branch = "master"
  digest = "1:1261ccace00babbf02bb702e71c85c8e81f65bad7bdb98c12c7a409c14de1d86"
  name = "github.com/juju/errors"
  packages = ["."]
  pruneopts = "UT"
  revision = "22422dad46e14561a0854ad42497a75af9b61909"

[[projects]]
  branch = "master"
  digest = "1:f17dfd7df684b802076e8b0b316f27788763f647f8dbee368c98b2cb933d8657"
  name = "github.com/kataras/golog"
  packages = ["."]
  pruneopts = "UT"
  revision = "03be101463868edc5a81f094fc68a5f6c1b5503a"

[[projects]]
  digest = "1:6d39c45ae54b0c56748f3e622bebd0d5cc73bf40dca6889980e48bc6fdf77a32"
  name = "github.com/kataras/iris"
  packages = [
    ".",
    "cache",
    "cache/cfg",
    "cache/client",
    "cache/client/rule",
    "cache/entry",
    "cache/ruleset",
    "cache/uri",
    "context",
    "core/errors",
    "core/handlerconv",
    "core/host",
    "core/maintenance",
    "core/maintenance/version",
    "core/memstore",
    "core/netutil",
    "core/router",
    "core/router/macro",
    "core/router/macro/interpreter/ast",
    "core/router/macro/interpreter/lexer",
    "core/router/macro/interpreter/parser",
    "core/router/macro/interpreter/token",
    "core/router/node",
    "middleware/logger",
    "middleware/recover",
    "view",
  ]
  pruneopts = "UT"
  revision = "217d9feadc0fc5b317826a901065e0c4c27d3cad"
  version = "10.7.0"

[[projects]]
  branch = "master"
  digest = "1:12dd62070fab270c309a993d1b3d2c09c78313ae7cd11be06eb36f80b41b0aef"
  name = "github.com/kataras/pio"
  packages = [
    ".",
    "terminal",
  ]
  pruneopts = "UT"
  revision = "a9733b5b6b83d32b479aacd51d26ef6018261963"

[[projects]]
  branch = "v2"
  digest = "1:f07bdc2e8067cea1616c6f770760b5e21700ac9c8d1ca3bbbc735eec659fbefc"
  name = "github.com/kataras/survey"
  packages = [
    ".",
    "core",
    "terminal",
  ]
  pruneopts = "UT"
  revision = "00934ae069eda15df26fa427ac393e67e239380c"

[[projects]]
  digest = "1:bc00f32084cbf3d1af8adf273c7dc132d55d88762231c0c26c136e576feddb55"
  name = "github.com/klauspost/compress"
  packages = [
    "flate",
    "gzip",
  ]
  pruneopts = "UT"
  revision = "b939724e787a27c0005cabe3f78e7ed7987ac74f"
  version = "v1.4.0"

[[projects]]
  digest = "1:4ea0668d490ca32a38366453a486e2e8c60fbdaf1f2607c96b4a093d8a5c8de7"
  name = "github.com/klauspost/cpuid"
  packages = ["."]
  pruneopts = "UT"
  revision = "ae7887de9fa5d2db4eaa8174a7eff2c1ac00f2da"
  version = "v1.1"

[[projects]]
  digest = "1:b18ffc558326ebaed3b4a175617f1e12ed4e3f53d6ebfe5ba372a3de16d22278"
  name = "github.com/lib/pq"
  packages = [
    ".",
    "hstore",
    "oid",
  ]
  pruneopts = "UT"
  revision = "4ded0e9383f75c197b3a2aaa6d590ac52df6fd79"
  version = "v1.0.0"

[[projects]]
  digest = "1:c568d7727aa262c32bdf8a3f7db83614f7af0ed661474b24588de635c20024c7"
  name = "github.com/magiconair/properties"
  packages = ["."]
  pruneopts = "UT"
  revision = "c2353362d570a7bfa228149c62842019201cfb71"
  version = "v1.8.0"

[[projects]]
  digest = "1:c658e84ad3916da105a761660dcaeb01e63416c8ec7bc62256a9b411a05fcd67"
  name = "github.com/mattn/go-colorable"
  packages = ["."]
  pruneopts = "UT"
  revision = "167de6bfdfba052fa6b2d3664c8f5272e23c9072"
  version = "v0.0.9"

[[projects]]
  digest = "1:0981502f9816113c9c8c4ac301583841855c8cf4da8c72f696b3ebedf6d0e4e5"
  name = "github.com/mattn/go-isatty"
  packages = ["."]
  pruneopts = "UT"
  revision = "6ca4dbf54d38eea1a992b3c722a76a5d1c4cb25c"
  version = "v0.0.4"

[[projects]]
  branch = "master"
  digest = "1:2b32af4d2a529083275afc192d1067d8126b578c7a9613b26600e4df9c735155"
  name = "github.com/mgutz/ansi"
  packages = ["."]
  pruneopts = "UT"
  revision = "9520e82c474b0a04dd04f8a40959027271bab992"

[[projects]]
  branch = "master"
  digest = "1:1fc201f179a7d45f944655de3cdbfb0a8a226fd525569454e31ca87f9e4bb677"
  name = "github.com/microcosm-cc/bluemonday"
  packages = ["."]
  pruneopts = "UT"
  revision = "82c7118e8ccf7403d4860175d97bb635e8e28239"

[[projects]]
  digest = "1:645110e089152bd0f4a011a2648fbb0e4df5977be73ca605781157ac297f50c4"
  name = "github.com/mitchellh/mapstructure"
  packages = ["."]
  pruneopts = "UT"
  revision = "fa473d140ef3c6adf42d6b391fe76707f1f243c8"
  version = "v1.0.0"

[[projects]]
  digest = "1:33422d238f147d247752996a26574ac48dcf472976eda7f5134015f06bf16563"
  name = "github.com/modern-go/concurrent"
  packages = ["."]
  pruneopts = "UT"
  revision = "bacd9c7ef1dd9b15be4a9909b8ac7a4e313eec94"
  version = "1.0.3"

[[projects]]
  digest = "1:e32bdbdb7c377a07a9a46378290059822efdce5c8d96fe71940d87cb4f918855"
  name = "github.com/modern-go/reflect2"
  packages = ["."]
  pruneopts = "UT"
  revision = "4b7aa43c6742a2c18fdef89dd197aaae7dac7ccd"
  version = "1.0.1"

[[projects]]
  digest = "1:36c822037752d78e28e2776bf39c41893f01cf651d2039c4572f19c0a8794083"
  name = "github.com/mozillazg/request"
  packages = ["."]
  pruneopts = "UT"
  revision = "052232e32456da4751d789b61e89aba4a07a7e25"
  version = "v0.8.0"

[[projects]]
  digest = "1:a71310a970d0b0f5901c06b405f35ecad51ee03fd537332ea122744f5879f290"
  name = "github.com/oklog/ulid"
  packages = ["."]
  pruneopts = "UT"
  revision = "6276fb390df1e9be0f0721e1a7b0d6a8c973fa0c"
  version = "v1.2.0"

[[projects]]
  digest = "1:95741de3af260a92cc5c7f3f3061e85273f5a81b5db20d4bd68da74bd521675e"
  name = "github.com/pelletier/go-toml"
  packages = ["."]
  pruneopts = "UT"
  revision = "c01d1270ff3e442a8a57cddc1c92dc1138598194"
  version = "v1.2.0"

[[projects]]
  digest = "1:40e195917a951a8bf867cd05de2a46aaf1806c50cf92eebf4c16f78cd196f747"
  name = "github.com/pkg/errors"
  packages = ["."]
  pruneopts = "UT"
  revision = "645ef00459ed84a119197bfb8d8205042c6df63d"
  version = "v0.8.0"

[[projects]]
  branch = "master"
  digest = "1:0cdbe7b717bdc81f143bbdd516c3639828c5e1cd158e4140ca100d657fc26550"
  name = "github.com/ryanuber/columnize"
  packages = ["."]
  pruneopts = "UT"
  revision = "abc90934186a77966e2beeac62ed966aac0561d5"

[[projects]]
  branch = "master"
  digest = "1:def689e73e9252f6f7fe66834a76751a41b767e03daab299e607e7226c58a855"
  name = "github.com/shurcooL/sanitized_anchor_name"
  packages = ["."]
  pruneopts = "UT"
  revision = "86672fcb3f950f35f2e675df2240550f2a50762f"

[[projects]]
  digest = "1:6a4a11ba764a56d2758899ec6f3848d24698d48442ebce85ee7a3f63284526cd"
  name = "github.com/spf13/afero"
  packages = [
    ".",
    "mem",
  ]
  pruneopts = "UT"
  revision = "d40851caa0d747393da1ffb28f7f9d8b4eeffebd"
  version = "v1.1.2"

[[projects]]
  digest = "1:516e71bed754268937f57d4ecb190e01958452336fa73dbac880894164e91c1f"
  name = "github.com/spf13/cast"
  packages = ["."]
  pruneopts = "UT"
  revision = "8965335b8c7107321228e3e3702cab9832751bac"
  version = "v1.2.0"

[[projects]]
  digest = "1:68ea4e23713989dc20b1bded5d9da2c5f9be14ff9885beef481848edd18c26cb"
  name = "github.com/spf13/jwalterweatherman"
  packages = ["."]
  pruneopts = "UT"
  revision = "4a4406e478ca629068e7768fc33f3f044173c0a6"
  version = "v1.0.0"

[[projects]]
  digest = "1:dab83a1bbc7ad3d7a6ba1a1cc1760f25ac38cdf7d96a5cdd55cd915a4f5ceaf9"
  name = "github.com/spf13/pflag"
  packages = ["."]
  pruneopts = "UT"
  revision = "9a97c102cda95a86cec2345a6f09f55a939babf5"
  version = "v1.0.2"

[[projects]]
  digest = "1:6e30a27eac59a148b3f7a32e0ba54706b31dcde5a42f63b22cb47873b62fa343"
  name = "github.com/spf13/viper"
  packages = ["."]
  pruneopts = "UT"
  revision = "8fb642006536c8d3760c99d4fa2389f5e2205631"
  version = "v1.2.0"

[[projects]]
  digest = "1:7b2bdcba938b20deba5682640e1ad032ec1aac036652f5d82b1c2c3feb20aa85"
  name = "github.com/vicanso/cookies"
  packages = ["."]
  pruneopts = "UT"
  revision = "846aea265a4b7ef3f14e85cedaa08404da4b6276"
  version = "0.0.2"

[[projects]]
  digest = "1:539d83f11d95041daf71aad04eb2220683557f8c181da49c77a6f71db020c48d"
  name = "github.com/vicanso/fresh"
  packages = ["."]
  pruneopts = "UT"
  revision = "9d7cefa8d277c750125393c865f8e15b9a2ff9a1"
  version = "0.0.2"

[[projects]]
  digest = "1:e759bd83c7fc27e37dea6c0840012506bda8192ae33415ad4011c53ecb76d1a2"
  name = "github.com/vicanso/keygrip"
  packages = ["."]
  pruneopts = "UT"
  revision = "c7f2aa0ccee39d13ad838e4d619997b0aa401f43"
  version = "0.0.1"

[[projects]]
  digest = "1:6fe30b099b0d34f0227ddc39d9eadf2bb03a448694454e56647c8589eb7c5bda"
  name = "github.com/vicanso/session"
  packages = ["."]
  pruneopts = "UT"
  revision = "871954432055483f732f794eb7e9cdd09eca92f5"
  version = "0.0.6"

[[projects]]
  branch = "master"
  digest = "1:95e2c409fb0be6bc63015762a48d0bd2d7aa26cef17697ecf326f7fa81f1acd0"
  name = "github.com/vicanso/tiny"
  packages = ["proto"]
  pruneopts = "UT"
  revision = "cb00b1e523a91ed378490f393a1dc09a607d8606"

[[projects]]
  digest = "1:3c1a69cdae3501bf75e76d0d86dc6f2b0a7421bc205c0cb7b96b19eed464a34d"
  name = "go.uber.org/atomic"
  packages = ["."]
  pruneopts = "UT"
  revision = "1ea20fb1cbb1cc08cbd0d913a96dead89aa18289"
  version = "v1.3.2"

[[projects]]
  digest = "1:60bf2a5e347af463c42ed31a493d817f8a72f102543060ed992754e689805d1a"
  name = "go.uber.org/multierr"
  packages = ["."]
  pruneopts = "UT"
  revision = "3c4937480c32f4c13a875a1829af76c98ca3d40a"
  version = "v1.1.0"

[[projects]]
  digest = "1:c52caf7bd44f92e54627a31b85baf06a68333a196b3d8d241480a774733dcf8b"
  name = "go.uber.org/zap"
  packages = [
    ".",
    "buffer",
    "internal/bufferpool",
    "internal/color",
    "internal/exit",
    "zapcore",
  ]
  pruneopts = "UT"
  revision = "ff33455a0e382e8a81d14dd7c922020b6b5e7982"
  version = "v1.9.1"

[[projects]]
  branch = "master"
  digest = "1:dedf20eb0d3e8d6aa8a4d3d2fae248222b688ed528201995e152cc497899123c"
  name = "golang.org/x/crypto"
  packages = [
    "acme",
    "acme/autocert",
  ]
  pruneopts = "UT"
  revision = "0e37d006457bf46f9e6692014ba72ef82c33022c"

[[projects]]
  branch = "master"
  digest = "1:a15f68d64c9d2e15ef1abdf2a8af34f6601ddb35f04b70171106aac155815896"
  name = "golang.org/x/net"
  packages = [
    "context",
    "html",
    "html/atom",
    "http/httpguts",
    "http2",
    "http2/hpack",
    "idna",
    "internal/socks",
    "internal/timeseries",
    "proxy",
    "publicsuffix",
    "trace",
  ]
  pruneopts = "UT"
  revision = "26e67e76b6c3f6ce91f7c52def5af501b4e0f3a2"

[[projects]]
  branch = "master"
  digest = "1:6eb2645d74b43d9c87b51947df39f7c668a4f422cd512053f7f6f75bfaad0197"
  name = "golang.org/x/sys"
  packages = ["unix"]
  pruneopts = "UT"
  revision = "d0be0721c37eeb5299f245a996a483160fc36940"

[[projects]]
  digest = "1:a2ab62866c75542dd18d2b069fec854577a20211d7c0ea6ae746072a1dccdd18"
  name = "golang.org/x/text"
  packages = [
    "collate",
    "collate/build",
    "internal/colltab",
    "internal/gen",
    "internal/tag",
    "internal/triegen",
    "internal/ucd",
    "language",
    "secure/bidirule",
    "transform",
    "unicode/bidi",
    "unicode/cldr",
    "unicode/norm",
    "unicode/rangetable",
  ]
  pruneopts = "UT"
  revision = "f21a4dfb5e38f5895301dc265a8def02365cc3d0"
  version = "v0.3.0"

[[projects]]
  branch = "master"
  digest = "1:4b89f7cb4fa89ee4b8ec3fff8e91105e7f1fee84761edcb063a738e376c53357"
  name = "google.golang.org/genproto"
  packages = ["googleapis/rpc/status"]
  pruneopts = "UT"
  revision = "4b56f30a1fd96a133a036b62cdd2a249883dd89b"

[[projects]]
  digest = "1:ab8e92d746fb5c4c18846b0879842ac8e53b3d352449423d0924a11f1020ae1b"
  name = "google.golang.org/grpc"
  packages = [
    ".",
    "balancer",
    "balancer/base",
    "balancer/roundrobin",
    "codes",
    "connectivity",
    "credentials",
    "encoding",
    "encoding/proto",
    "grpclog",
    "internal",
    "internal/backoff",
    "internal/channelz",
    "internal/envconfig",
    "internal/grpcrand",
    "internal/transport",
    "keepalive",
    "metadata",
    "naming",
    "peer",
    "resolver",
    "resolver/dns",
    "resolver/passthrough",
    "stats",
    "status",
    "tap",
  ]
  pruneopts = "UT"
  revision = "8dea3dc473e90c8179e519d91302d0597c0ca1d1"
  version = "v1.15.0"

[[projects]]
  branch = "v2"
  digest = "1:82d5be405790a16f2c58b119b1a63efebdf701866792c7e9c6cfb695cdb79be5"
  name = "gopkg.in/russross/blackfriday.v2"
  packages = ["."]
  pruneopts = "UT"
  revision = "646308596abc3fd896ed699fee08a546c89e0116"

[[projects]]
  branch = "v2"
  digest = "1:342378ac4dcb378a5448dd723f0784ae519383532f5e70ade24132c4c8693202"
  name = "gopkg.in/yaml.v2"
  packages = ["."]
  pruneopts = "UT"
  revision = "5420a8b6744d3b0345ab293f6fcba19c978f1183"

[solve-meta]
  analyzer-name = "dep"
  analyzer-version = 1
  input-imports = [
    "github.com/asaskevich/govalidator",
    "github.com/go-redis/redis",
    "github.com/gobuffalo/packr",
    "github.com/h2non/gock",
    "github.com/hashicorp/golang-lru",
    "github.com/jinzhu/gorm",
    "github.com/jinzhu/gorm/dialects/postgres",
    "github.com/json-iterator/go",
    "github.com/kataras/iris",
    "github.com/lib/pq",
    "github.com/mozillazg/request",
    "github.com/oklog/ulid",
    "github.com/spf13/viper",
    "github.com/vicanso/cookies",
    "github.com/vicanso/fresh",
    "github.com/vicanso/session",
    "github.com/vicanso/tiny/proto",
    "go.uber.org/zap",
    "google.golang.org/grpc",
  ]
  solver-name = "gps-cdcl"
  solver-version = 1
